{
    "_readme": "Written by php artisan bladewell:add. Lets a re-run update files you have not edited. Commit it.",
    "files": {
        "app/View/Widget/ElementIds.php": "f658300dd5c60fb663d99a03851ffc8942912cef05efba65b0aabddfff71993d",
        "resources/css/widget/base.css": "27146b4af470d7ab4661f773ce8c606f981bfd9e64ee5cb6ca1d433c8af2650c",
        "resources/css/widget/theme.css": "25dcc19daec9dfbff1110449dd5c856b457299b4f73ee95eaa03198ec44145d8",
        "resources/js/widget/button/index.js": "5764538ecf5fad15dacb406e32665c4148437e288e9aa51af1701014e34fc41b",
        "resources/js/widget/dropdown/index.js": "717844634bb675dbf668e76e278279709b804cbeabe9792d56e7291ab6410104",
        "resources/js/widget/modal/index.js": "dcd0b7730b58b3d40d2161098232fed487cc9db0b13884dfc23803e4568d33cf",
        "resources/views/components/widget/button/back.blade.php": "d72823807ec7b83f61552dc5cf853e6623518978d524f893c2a74fcf75bfa1b2",
        "resources/views/components/widget/button/index.blade.php": "69242b26cbf90c2f5cf425113e9b693c8816cfce077aa994697ddb3bd84eb205",
        "resources/views/components/widget/dropdown/divider.blade.php": "771fd33f4dddb6c53b6a7879128a12f1f0f2419af7954020a0aa448a0773ca87",
        "resources/views/components/widget/dropdown/index.blade.php": "c7dea913230344fc384c91cbd2e0da9e6cd94797865dc90e33c64214f36a88f6",
        "resources/views/components/widget/dropdown/item.blade.php": "6449be3aae5f4b8b0713377f2d91727b37a7c1d47e958a99037321a5f2b7ad8a",
        "resources/views/components/widget/icon/index.blade.php": "e075be46d8a9bd51259ba63088f056c54c8c76c4771da9aaa16a704a6192e8f6",
        "resources/views/components/widget/modal/index.blade.php": "5e22b21b61f9c59d360b0fb5e2a6f3177a544cdae16b7595203cf9f4c071f75f"
    }
}
