{
    "_readme": "Written by php artisan larawell:add. Lets a re-run update files you have not edited. Commit it.",
    "files": {
        "app/View/Widget/ElementIds.php": "a25d52513839954e12f2e5a3c261ae41332724a29b2bae40622ab70209ae3d9a",
        "app/View/Widget/FormField.php": "feec05eda0ae9518a9c40e4681366a20d9a2391332784d3ae6c5e1efb33f4c62",
        "resources/css/widget/base.css": "da544c41b68b6511523a6b3f8a7cb771ea55f36a61b984be9d2fdcad634a90ba",
        "resources/css/widget/theme.css": "25dcc19daec9dfbff1110449dd5c856b457299b4f73ee95eaa03198ec44145d8",
        "resources/js/widget/alert/index.js": "702d9ca1f6b37efb6f9e1e635bfb55584ce5fa910b9d6f535c266e6b880ab4b7",
        "resources/js/widget/button/index.js": "5764538ecf5fad15dacb406e32665c4148437e288e9aa51af1701014e34fc41b",
        "resources/js/widget/dropdown/index.js": "717844634bb675dbf668e76e278279709b804cbeabe9792d56e7291ab6410104",
        "resources/js/widget/field/index.js": "1f617a1468c8b2b1ea2d370fb9ac6d983214d765d8ef4c7e9e9bb6afe5b45ec4",
        "resources/js/widget/modal/index.js": "dcd0b7730b58b3d40d2161098232fed487cc9db0b13884dfc23803e4568d33cf",
        "resources/js/widget/pagination/index.js": "dba71bdff23a352dbad4510b83953665d198137fd80f82469c6be18c18701709",
        "resources/js/widget/password/index.js": "5fecf04b83972ab267c9cff11c2edbb320e551376e8639647e23cf15809eff47",
        "resources/js/widget/search/index.js": "7cd63bba4853b2850af744d5f2022aa7312f1f9b3711c1e3dd222fa4c2993e87",
        "resources/js/widget/select/index.js": "91d4f6b325476fa4fde595b758dacec3ae293d893191fee405d503803c1c7ffd",
        "resources/js/widget/table/index.js": "1265ed467e1fc40063658884df7eb8474359f4aec71894da7273a3823c956781",
        "resources/js/widget/toast/index.js": "5b8487be54b710b9adaa7a10ca5f5b7040bb94c15adf07cee2b51bf5d591b2d9",
        "resources/views/components/widget/alert/errors.blade.php": "853bd324a1a2c46a9946bdb371f01ab734ea30e7f9a6ac4eae5f2b31b81af636",
        "resources/views/components/widget/alert/index.blade.php": "fdad7b69919db9fedb701cd4af9abd166ff7f5ef4853919cda03845aceeacfa0",
        "resources/views/components/widget/breadcrumbs/index.blade.php": "76c69854daf7a0cef7a1c39d36571ad3f86714656190d61cbd9af39c934ebc51",
        "resources/views/components/widget/button/back.blade.php": "9cc4600f35da00232a0a5720f8c153cac607efc5686a1ec6cffe07ec2d71f1bf",
        "resources/views/components/widget/button/index.blade.php": "69242b26cbf90c2f5cf425113e9b693c8816cfce077aa994697ddb3bd84eb205",
        "resources/views/components/widget/checkbox/index.blade.php": "3f6bb5dca085b0096873dcb8973b476c8edc17b034f4e7b812d3d96c0c604249",
        "resources/views/components/widget/dropdown/divider.blade.php": "771fd33f4dddb6c53b6a7879128a12f1f0f2419af7954020a0aa448a0773ca87",
        "resources/views/components/widget/dropdown/index.blade.php": "c7dea913230344fc384c91cbd2e0da9e6cd94797865dc90e33c64214f36a88f6",
        "resources/views/components/widget/dropdown/item.blade.php": "6449be3aae5f4b8b0713377f2d91727b37a7c1d47e958a99037321a5f2b7ad8a",
        "resources/views/components/widget/field/index.blade.php": "08382fe0a1fc6039e19defdf3936f46a40244403cfd8a8a53446c88d67fbcf75",
        "resources/views/components/widget/icon/index.blade.php": "676b995478bba6fbf4487404ef6580a3ebf8093041cebde1581578dc1f040c20",
        "resources/views/components/widget/modal/index.blade.php": "5e22b21b61f9c59d360b0fb5e2a6f3177a544cdae16b7595203cf9f4c071f75f",
        "resources/views/components/widget/pagination/drawer.blade.php": "e458770fbace65a8a64cfacbaff4b9333e766900ceaa9b97cbbc98c91a42078d",
        "resources/views/components/widget/pagination/footer.blade.php": "3416ed66b8bd4ee9a3a168c5d32df57f52a19059b19ffd2a372de640158e5da4",
        "resources/views/components/widget/pagination/index.blade.php": "90372372d9f20ac686ed4341ac958ff667d7c47cf5550822dd97a1da329cc9cb",
        "resources/views/components/widget/pagination/jump.blade.php": "e61a6214b4cfed9741da6308d8d3b19e23b64364e6d19870fd08080329fc6b9e",
        "resources/views/components/widget/pagination/load-more.blade.php": "8873481bebb8a9bf35c27fbc74819ffdd7aa67341e172b355b03fbe4f8e9fd5d",
        "resources/views/components/widget/pagination/numbers.blade.php": "c552a04437962bb233f93ec05d23918c7d74fa664c9c4a1ccdb06b63366c5048",
        "resources/views/components/widget/pagination/summary.blade.php": "943463625ed17189f11ffdd7078cb5b3e5e2e40e1085fab3f99c6ed7ab92d026",
        "resources/views/components/widget/password/index.blade.php": "3e908cc9abb5b91d24ffdb614aa30591e5172335e2641bbf437c9798cf22d8d4",
        "resources/views/components/widget/search/index.blade.php": "04b7bb588fc97093a7b343d1c20683ca2b3261fb336c5d43609de7961b9afc4f",
        "resources/views/components/widget/select/index.blade.php": "ca04ca65a68de30cdf62dc098f08d782a4e23090ed740f994e8ce41afbcf775b",
        "resources/views/components/widget/table/badge.blade.php": "9862aa0032af6eb9a6e808a6eda66906fcca337e1eabd3a2ddbbffe353b5cc5b",
        "resources/views/components/widget/table/index.blade.php": "91d14e2d34d79d2ee3e03975a620d0e027f4ffe5dd21a166e266ba7b56798a9c",
        "resources/views/components/widget/table/row.blade.php": "ac1b72529fcfb122f42ab1a853bed1b9c64e5ab8496c4e2bdc8e893c612afe2f",
        "resources/views/components/widget/text-input/index.blade.php": "a274c6b60fc3d5b56b60ccf4898e536fe90ab3e806a1976bbdb1ae6adf157dd8",
        "resources/views/components/widget/toast/index.blade.php": "07402b958d4e937a6aa0f1aad6daf649cf67b96640e06f52ebf6959885f02265"
    }
}
